
Microsoft Visual Studio Solution File, Format Version 12.00
# Visual Studio 14
VisualStudioVersion = 14.0.25420.1
MinimumVisualStudioVersion = 10.0.40219.1
Project("{FAE04EC0-301F-11D3-BF4B-00C04F79EFBC}") = "D3D12HelloWindow", "D3D12HelloWindow\D3D12HelloWindow.csproj", "{BD2251D2-9B10-482B-80B7-782FAB078C4D}"
EndProject
Project("{FAE04EC0-301F-11D3-BF4B-00C04F79EFBC}") = "D3D12HelloTriangle", "D3D12HelloTriangle\D3D12HelloTriangle.csproj", "{2BEB24D7-DAD6-4793-A194-ACEB5F0EFCDD}"
EndProject
Project("{FAE04EC0-301F-11D3-BF4B-00C04F79EFBC}") = "D3D12HelloFrameBuffering", "D3D12HelloFrameBuffering\D3D12HelloFrameBuffering.csproj", "{BDC43B94-389E-4E26-90BF-482D29183071}"
EndProject
Project("{FAE04EC0-301F-11D3-BF4B-00C04F79EFBC}") = "D3D12HelloBundles", "D3D12HelloBundles\D3D12HelloBundles.csproj", "{3B10E870-DD8F-4465-A0B1-771B8A6FCE2E}"
EndProject
Project("{FAE04EC0-301F-11D3-BF4B-00C04F79EFBC}") = "D3D12HelloConstBuffers", "D3D12HelloConstBuffers\D3D12HelloConstBuffers.csproj", "{7C667AF2-D4FD-4F89-B11C-5BF16A031BC8}"
EndProject
Project("{FAE04EC0-301F-11D3-BF4B-00C04F79EFBC}") = "D3D12HelloTexture", "D3D12HelloTexture\D3D12HelloTexture.csproj", "{D53D2652-5900-4488-8F32-C089971CB81D}"
EndProject
Project("{FAE04EC0-301F-11D3-BF4B-00C04F79EFBC}") = "D3D12ExecuteIndirect", "D3D12ExecuteIndirect\D3D12ExecuteIndirect.csproj", "{DC586F97-F2E6-46C5-8929-3CBEF66A1E70}"
EndProject
Project("{FAE04EC0-301F-11D3-BF4B-00C04F79EFBC}") = "D3D12HelloCompute", "D3D12HelloCompute\D3D12HelloCompute.csproj", "{FFEDB061-67B4-4F61-B2AB-438CB82AA970}"
EndProject
Project("{FAE04EC0-301F-11D3-BF4B-00C04F79EFBC}") = "D3D12HelloPrecompiledShader", "D3D12HelloPrecompiledShader\D3D12HelloPrecompiledShader.csproj", "{2E22613B-6A25-4A19-865D-0681FED32463}"
EndProject
Project("{FAE04EC0-301F-11D3-BF4B-00C04F79EFBC}") = "D3D12HelloCube", "D3D12HelloCube\D3D12HelloCube.csproj", "{A7130953-A840-4571-ACCC-49F177B111E6}"
EndProject
Project("{FAE04EC0-301F-11D3-BF4B-00C04F79EFBC}") = "D3D12HelloHLSLRootSignature", "D3D12HelloHLSLRootSignature\D3D12HelloHLSLRootSignature.csproj", "{F17841CC-3985-4FDE-9785-7E303AFFBDE0}"
EndProject
Project("{FAE04EC0-301F-11D3-BF4B-00C04F79EFBC}") = "D3D12HelloShaderReflection", "D3D12HelloShaderReflection\D3D12HelloShaderReflection.csproj", "{53862C21-747A-497F-A4BF-D1CA4CE908D1}"
EndProject
Project("{FAE04EC0-301F-11D3-BF4B-00C04F79EFBC}") = "D3D12HelloMultipleRenderTargets", "D3D12HelloMultipleRenderTargets\D3D12HelloMultipleRenderTargets.csproj", "{560771AB-C2EE-4009-B7A8-FD996B82A9D4}"
EndProject
Project("{FAE04EC0-301F-11D3-BF4B-00C04F79EFBC}") = "D3D12DynamicIndexing", "D3D12DynamicIndexing\D3D12DynamicIndexing.csproj", "{4285688B-BE97-41E7-877C-2C6A0CFC9EF6}"
EndProject
Project("{FAE04EC0-301F-11D3-BF4B-00C04F79EFBC}") = "D3D12PredicationQueries", "D3D12PredicationQueries\D3D12PredicationQueries.csproj", "{297D80F7-D8C7-4A6B-9B51-D6A27DADF466}"
EndProject
Project("{FAE04EC0-301F-11D3-BF4B-00C04F79EFBC}") = "D3D12HelloQuery", "D3D12HelloQuery\D3D12HelloQuery.csproj", "{1A2B6303-4342-4FC6-82B6-511C853E2900}"
EndProject
Global
	GlobalSection(SolutionConfigurationPlatforms) = preSolution
		Debug|Any CPU = Debug|Any CPU
		Release|Any CPU = Release|Any CPU
	EndGlobalSection
	GlobalSection(ProjectConfigurationPlatforms) = postSolution
		{BD2251D2-9B10-482B-80B7-782FAB078C4D}.Debug|Any CPU.ActiveCfg = Debug|Any CPU
		{BD2251D2-9B10-482B-80B7-782FAB078C4D}.Debug|Any CPU.Build.0 = Debug|Any CPU
		{BD2251D2-9B10-482B-80B7-782FAB078C4D}.Release|Any CPU.ActiveCfg = Release|Any CPU
		{BD2251D2-9B10-482B-80B7-782FAB078C4D}.Release|Any CPU.Build.0 = Release|Any CPU
		{2BEB24D7-DAD6-4793-A194-ACEB5F0EFCDD}.Debug|Any CPU.ActiveCfg = Debug|Any CPU
		{2BEB24D7-DAD6-4793-A194-ACEB5F0EFCDD}.Debug|Any CPU.Build.0 = Debug|Any CPU
		{2BEB24D7-DAD6-4793-A194-ACEB5F0EFCDD}.Release|Any CPU.ActiveCfg = Release|Any CPU
		{2BEB24D7-DAD6-4793-A194-ACEB5F0EFCDD}.Release|Any CPU.Build.0 = Release|Any CPU
		{BDC43B94-389E-4E26-90BF-482D29183071}.Debug|Any CPU.ActiveCfg = Debug|Any CPU
		{BDC43B94-389E-4E26-90BF-482D29183071}.Debug|Any CPU.Build.0 = Debug|Any CPU
		{BDC43B94-389E-4E26-90BF-482D29183071}.Release|Any CPU.ActiveCfg = Release|Any CPU
		{BDC43B94-389E-4E26-90BF-482D29183071}.Release|Any CPU.Build.0 = Release|Any CPU
		{3B10E870-DD8F-4465-A0B1-771B8A6FCE2E}.Debug|Any CPU.ActiveCfg = Debug|Any CPU
		{3B10E870-DD8F-4465-A0B1-771B8A6FCE2E}.Debug|Any CPU.Build.0 = Debug|Any CPU
		{3B10E870-DD8F-4465-A0B1-771B8A6FCE2E}.Release|Any CPU.ActiveCfg = Release|Any CPU
		{3B10E870-DD8F-4465-A0B1-771B8A6FCE2E}.Release|Any CPU.Build.0 = Release|Any CPU
		{7C667AF2-D4FD-4F89-B11C-5BF16A031BC8}.Debug|Any CPU.ActiveCfg = Debug|Any CPU
		{7C667AF2-D4FD-4F89-B11C-5BF16A031BC8}.Debug|Any CPU.Build.0 = Debug|Any CPU
		{7C667AF2-D4FD-4F89-B11C-5BF16A031BC8}.Release|Any CPU.ActiveCfg = Release|Any CPU
		{7C667AF2-D4FD-4F89-B11C-5BF16A031BC8}.Release|Any CPU.Build.0 = Release|Any CPU
		{D53D2652-5900-4488-8F32-C089971CB81D}.Debug|Any CPU.ActiveCfg = Debug|Any CPU
		{D53D2652-5900-4488-8F32-C089971CB81D}.Debug|Any CPU.Build.0 = Debug|Any CPU
		{D53D2652-5900-4488-8F32-C089971CB81D}.Release|Any CPU.ActiveCfg = Release|Any CPU
		{D53D2652-5900-4488-8F32-C089971CB81D}.Release|Any CPU.Build.0 = Release|Any CPU
		{DC586F97-F2E6-46C5-8929-3CBEF66A1E70}.Debug|Any CPU.ActiveCfg = Debug|Any CPU
		{DC586F97-F2E6-46C5-8929-3CBEF66A1E70}.Debug|Any CPU.Build.0 = Debug|Any CPU
		{DC586F97-F2E6-46C5-8929-3CBEF66A1E70}.Release|Any CPU.ActiveCfg = Release|Any CPU
		{DC586F97-F2E6-46C5-8929-3CBEF66A1E70}.Release|Any CPU.Build.0 = Release|Any CPU
		{FFEDB061-67B4-4F61-B2AB-438CB82AA970}.Debug|Any CPU.ActiveCfg = Debug|Any CPU
		{FFEDB061-67B4-4F61-B2AB-438CB82AA970}.Debug|Any CPU.Build.0 = Debug|Any CPU
		{FFEDB061-67B4-4F61-B2AB-438CB82AA970}.Release|Any CPU.ActiveCfg = Release|Any CPU
		{FFEDB061-67B4-4F61-B2AB-438CB82AA970}.Release|Any CPU.Build.0 = Release|Any CPU
		{2E22613B-6A25-4A19-865D-0681FED32463}.Debug|Any CPU.ActiveCfg = Debug|Any CPU
		{2E22613B-6A25-4A19-865D-0681FED32463}.Debug|Any CPU.Build.0 = Debug|Any CPU
		{2E22613B-6A25-4A19-865D-0681FED32463}.Release|Any CPU.ActiveCfg = Release|Any CPU
		{2E22613B-6A25-4A19-865D-0681FED32463}.Release|Any CPU.Build.0 = Release|Any CPU
		{A7130953-A840-4571-ACCC-49F177B111E6}.Debug|Any CPU.ActiveCfg = Debug|Any CPU
		{A7130953-A840-4571-ACCC-49F177B111E6}.Debug|Any CPU.Build.0 = Debug|Any CPU
		{A7130953-A840-4571-ACCC-49F177B111E6}.Release|Any CPU.ActiveCfg = Release|Any CPU
		{A7130953-A840-4571-ACCC-49F177B111E6}.Release|Any CPU.Build.0 = Release|Any CPU
		{F17841CC-3985-4FDE-9785-7E303AFFBDE0}.Debug|Any CPU.ActiveCfg = Debug|Any CPU
		{F17841CC-3985-4FDE-9785-7E303AFFBDE0}.Debug|Any CPU.Build.0 = Debug|Any CPU
		{F17841CC-3985-4FDE-9785-7E303AFFBDE0}.Release|Any CPU.ActiveCfg = Release|Any CPU
		{F17841CC-3985-4FDE-9785-7E303AFFBDE0}.Release|Any CPU.Build.0 = Release|Any CPU
		{53862C21-747A-497F-A4BF-D1CA4CE908D1}.Debug|Any CPU.ActiveCfg = Debug|Any CPU
		{53862C21-747A-497F-A4BF-D1CA4CE908D1}.Debug|Any CPU.Build.0 = Debug|Any CPU
		{53862C21-747A-497F-A4BF-D1CA4CE908D1}.Release|Any CPU.ActiveCfg = Release|Any CPU
		{53862C21-747A-497F-A4BF-D1CA4CE908D1}.Release|Any CPU.Build.0 = Release|Any CPU
		{560771AB-C2EE-4009-B7A8-FD996B82A9D4}.Debug|Any CPU.ActiveCfg = Debug|Any CPU
		{560771AB-C2EE-4009-B7A8-FD996B82A9D4}.Debug|Any CPU.Build.0 = Debug|Any CPU
		{560771AB-C2EE-4009-B7A8-FD996B82A9D4}.Release|Any CPU.ActiveCfg = Release|Any CPU
		{560771AB-C2EE-4009-B7A8-FD996B82A9D4}.Release|Any CPU.Build.0 = Release|Any CPU
		{4285688B-BE97-41E7-877C-2C6A0CFC9EF6}.Debug|Any CPU.ActiveCfg = Debug|Any CPU
		{4285688B-BE97-41E7-877C-2C6A0CFC9EF6}.Debug|Any CPU.Build.0 = Debug|Any CPU
		{4285688B-BE97-41E7-877C-2C6A0CFC9EF6}.Release|Any CPU.ActiveCfg = Release|Any CPU
		{4285688B-BE97-41E7-877C-2C6A0CFC9EF6}.Release|Any CPU.Build.0 = Release|Any CPU
		{297D80F7-D8C7-4A6B-9B51-D6A27DADF466}.Debug|Any CPU.ActiveCfg = Debug|Any CPU
		{297D80F7-D8C7-4A6B-9B51-D6A27DADF466}.Debug|Any CPU.Build.0 = Debug|Any CPU
		{297D80F7-D8C7-4A6B-9B51-D6A27DADF466}.Release|Any CPU.ActiveCfg = Release|Any CPU
		{297D80F7-D8C7-4A6B-9B51-D6A27DADF466}.Release|Any CPU.Build.0 = Release|Any CPU
		{1A2B6303-4342-4FC6-82B6-511C853E2900}.Debug|Any CPU.ActiveCfg = Debug|Any CPU
		{1A2B6303-4342-4FC6-82B6-511C853E2900}.Debug|Any CPU.Build.0 = Debug|Any CPU
		{1A2B6303-4342-4FC6-82B6-511C853E2900}.Release|Any CPU.ActiveCfg = Release|Any CPU
		{1A2B6303-4342-4FC6-82B6-511C853E2900}.Release|Any CPU.Build.0 = Release|Any CPU
	EndGlobalSection
	GlobalSection(SolutionProperties) = preSolution
		HideSolutionNode = FALSE
	EndGlobalSection
EndGlobal
